{
  "name": "my-app",
  "version": "0.1.0",
  "lockfileVersion": 1,
  "requires": true,
  "dependencies": {
    "primereact": {
      "version": "3.1.0",
      "resolved": "https://registry.npmjs.org/primereact/-/primereact-3.1.0.tgz",
      "integrity": "sha512-09qcKII90KM+fqNqU/d14RwfuFfAc92baS7g7ssbfJdUljFKtPXT0XAg3SQvXzSxBLneI+AbaAn0m/ebc0udkA=="
    }
  }
}
